// !$*UTF8*$!
{
	archiveVersion = 1;
	classes = {
	};
	objectVersion = 50;
	objects = {

/* Begin PBXBuildFile section */
		267FFA8224AD29F0007BC082 /* MemeCollectionViewCell.swift in Sources */ = {isa = PBXBuildFile; fileRef = 267FFA8124AD29F0007BC082 /* MemeCollectionViewCell.swift */; };
		267FFA8624AD3B0D007BC082 /* MemeTableViewController.swift in Sources */ = {isa = PBXBuildFile; fileRef = 267FFA8524AD3B0D007BC082 /* MemeTableViewController.swift */; };
		267FFA8A24AD4880007BC082 /* memeDetailViewController.swift in Sources */ = {isa = PBXBuildFile; fileRef = 267FFA8924AD4880007BC082 /* memeDetailViewController.swift */; };
		267FFA8C24B385BD007BC082 /* Default-568h@2x.png in Resources */ = {isa = PBXBuildFile; fileRef = 267FFA8B24B385BD007BC082 /* Default-568h@2x.png */; };
		269BD95824AD0DC0001D65BC /* MemeCollectionViewController.swift in Sources */ = {isa = PBXBuildFile; fileRef = 269BD95724AD0DC0001D65BC /* MemeCollectionViewController.swift */; };
		269D573724A6AD4B004DFD9D /* AppDelegate.swift in Sources */ = {isa = PBXBuildFile; fileRef = 269D573624A6AD4B004DFD9D /* AppDelegate.swift */; };
		269D573924A6AD4B004DFD9D /* SceneDelegate.swift in Sources */ = {isa = PBXBuildFile; fileRef = 269D573824A6AD4B004DFD9D /* SceneDelegate.swift */; };
		269D573B24A6AD4B004DFD9D /* ViewController.swift in Sources */ = {isa = PBXBuildFile; fileRef = 269D573A24A6AD4B004DFD9D /* ViewController.swift */; };
		269D573E24A6AD4B004DFD9D /* Main.storyboard in Resources */ = {isa = PBXBuildFile; fileRef = 269D573C24A6AD4B004DFD9D /* Main.storyboard */; };
		269D574024A6AD4E004DFD9D /* Assets.xcassets in Resources */ = {isa = PBXBuildFile; fileRef = 269D573F24A6AD4E004DFD9D /* Assets.xcassets */; };
		269D574324A6AD4E004DFD9D /* LaunchScreen.storyboard in Resources */ = {isa = PBXBuildFile; fileRef = 269D574124A6AD4E004DFD9D /* LaunchScreen.storyboard */; };
		269D574B24A6CEC7004DFD9D /* Meme.swift in Sources */ = {isa = PBXBuildFile; fileRef = 269D574A24A6CEC7004DFD9D /* Meme.swift */; };
/* End PBXBuildFile section */

/* Begin PBXFileReference section */
		267FFA8124AD29F0007BC082 /* MemeCollectionViewCell.swift */ = {isa = PBXFileReference; lastKnownFileType = sourcecode.swift; path = MemeCollectionViewCell.swift; sourceTree = "<group>"; };
		267FFA8524AD3B0D007BC082 /* MemeTableViewController.swift */ = {isa = PBXFileReference; lastKnownFileType = sourcecode.swift; path = MemeTableViewController.swift; sourceTree = "<group>"; };
		267FFA8924AD4880007BC082 /* memeDetailViewController.swift */ = {isa = PBXFileReference; lastKnownFileType = sourcecode.swift; path = memeDetailViewController.swift; sourceTree = "<group>"; };
		267FFA8B24B385BD007BC082 /* Default-568h@2x.png */ = {isa = PBXFileReference; lastKnownFileType = image.png; path = "Default-568h@2x.png"; sourceTree = "<group>"; };
		269BD95724AD0DC0001D65BC /* MemeCollectionViewController.swift */ = {isa = PBXFileReference; lastKnownFileType = sourcecode.swift; path = MemeCollectionViewController.swift; sourceTree = "<group>"; };
		269D573324A6AD4B004DFD9D /* MemeMev2.0.app */ = {isa = PBXFileReference; explicitFileType = wrapper.application; includeInIndex = 0; path = MemeMev2.0.app; sourceTree = BUILT_PRODUCTS_DIR; };
		269D573624A6AD4B004DFD9D /* AppDelegate.swift */ = {isa = PBXFileReference; lastKnownFileType = sourcecode.swift; path = AppDelegate.swift; sourceTree = "<group>"; };
		269D573824A6AD4B004DFD9D /* SceneDelegate.swift */ = {isa = PBXFileReference; lastKnownFileType = sourcecode.swift; path = SceneDelegate.swift; sourceTree = "<group>"; };
		269D573A24A6AD4B004DFD9D /* ViewController.swift */ = {isa = PBXFileReference; lastKnownFileType = sourcecode.swift; path = ViewController.swift; sourceTree = "<group>"; };
		269D573D24A6AD4B004DFD9D /* Base */ = {isa = PBXFileReference; lastKnownFileType = file.storyboard; name = Base; path = Base.lproj/Main.storyboard; sourceTree = "<group>"; };
		269D573F24A6AD4E004DFD9D /* Assets.xcassets */ = {isa = PBXFileReference; lastKnownFileType = folder.assetcatalog; path = Assets.xcassets; sourceTree = "<group>"; };
		269D574224A6AD4E004DFD9D /* Base */ = {isa = PBXFileReference; lastKnownFileType = file.storyboard; name = Base; path = Base.lproj/LaunchScreen.storyboard; sourceTree = "<group>"; };
		269D574424A6AD4E004DFD9D /* Info.plist */ = {isa = PBXFileReference; lastKnownFileType = text.plist.xml; path = Info.plist; sourceTree = "<group>"; };
		269D574A24A6CEC7004DFD9D /* Meme.swift */ = {isa = PBXFileReference; lastKnownFileType = sourcecode.swift; path = Meme.swift; sourceTree = "<group>"; };
/* End PBXFileReference section */

/* Begin PBXFrameworksBuildPhase section */
		269D573024A6AD4B004DFD9D /* Frameworks */ = {
			isa = PBXFrameworksBuildPhase;
			buildActionMask = 2147483647;
			files = (
			);
			runOnlyForDeploymentPostprocessing = 0;
		};
/* End PBXFrameworksBuildPhase section */

/* Begin PBXGroup section */
		269D572A24A6AD4B004DFD9D = {
			isa = PBXGroup;
			children = (
				267FFA8B24B385BD007BC082 /* Default-568h@2x.png */,
				269D573524A6AD4B004DFD9D /* MemeMev2.0 */,
				269D573424A6AD4B004DFD9D /* Products */,
			);
			sourceTree = "<group>";
		};
		269D573424A6AD4B004DFD9D /* Products */ = {
			isa = PBXGroup;
			children = (
				269D573324A6AD4B004DFD9D /* MemeMev2.0.app */,
			);
			name = Products;
			sourceTree = "<group>";
		};
		269D573524A6AD4B004DFD9D /* MemeMev2.0 */ = {
			isa = PBXGroup;
			children = (
				269D573624A6AD4B004DFD9D /* AppDelegate.swift */,
				269D573824A6AD4B004DFD9D /* SceneDelegate.swift */,
				269D573A24A6AD4B004DFD9D /* ViewController.swift */,
				269D573C24A6AD4B004DFD9D /* Main.storyboard */,
				267FFA8924AD4880007BC082 /* memeDetailViewController.swift */,
				269BD95724AD0DC0001D65BC /* MemeCollectionViewController.swift */,
				267FFA8524AD3B0D007BC082 /* MemeTableViewController.swift */,
				267FFA8124AD29F0007BC082 /* MemeCollectionViewCell.swift */,
				269D574A24A6CEC7004DFD9D /* Meme.swift */,
				269D573F24A6AD4E004DFD9D /* Assets.xcassets */,
				269D574124A6AD4E004DFD9D /* LaunchScreen.storyboard */,
				269D574424A6AD4E004DFD9D /* Info.plist */,
			);
			path = MemeMev2.0;
			sourceTree = "<group>";
		};
/* End PBXGroup section */

/* Begin PBXNativeTarget section */
		269D573224A6AD4B004DFD9D /* MemeMev2.0 */ = {
			isa = PBXNativeTarget;
			buildConfigurationList = 269D574724A6AD4E004DFD9D /* Build configuration list for PBXNativeTarget "MemeMev2.0" */;
			buildPhases = (
				269D572F24A6AD4B004DFD9D /* Sources */,
				269D573024A6AD4B004DFD9D /* Frameworks */,
				269D573124A6AD4B004DFD9D /* Resources */,
			);
			buildRules = (
			);
			dependencies = (
			);
			name = MemeMev2.0;
			productName = MemeMev1.0;
			productReference = 269D573324A6AD4B004DFD9D /* MemeMev2.0.app */;
			productType = "com.apple.product-type.application";
		};
/* End PBXNativeTarget section */

/* Begin PBXProject section */
		269D572B24A6AD4B004DFD9D /* Project object */ = {
			isa = PBXProject;
			attributes = {
				LastSwiftUpdateCheck = 1140;
				LastUpgradeCheck = 1140;
				ORGANIZATIONNAME = "Anmol Raibhandare";
				TargetAttributes = {
					269D573224A6AD4B004DFD9D = {
						CreatedOnToolsVersion = 11.4;
					};
				};
			};
			buildConfigurationList = 269D572E24A6AD4B004DFD9D /* Build configuration list for PBXProject "MemeMev2.0" */;
			compatibilityVersion = "Xcode 9.3";
			developmentRegion = en;
			hasScannedForEncodings = 0;
			knownRegions = (
				en,
				Base,
			);
			mainGroup = 269D572A24A6AD4B004DFD9D;
			productRefGroup = 269D573424A6AD4B004DFD9D /* Products */;
			projectDirPath = "";
			projectRoot = "";
			targets = (
				269D573224A6AD4B004DFD9D /* MemeMev2.0 */,
			);
		};
/* End PBXProject section */

/* Begin PBXResourcesBuildPhase section */
		269D573124A6AD4B004DFD9D /* Resources */ = {
			isa = PBXResourcesBuildPhase;
			buildActionMask = 2147483647;
			files = (
				269D574324A6AD4E004DFD9D /* LaunchScreen.storyboard in Resources */,
				267FFA8C24B385BD007BC082 /* Default-568h@2x.png in Resources */,
				269D574024A6AD4E004DFD9D /* Assets.xcassets in Resources */,
				269D573E24A6AD4B004DFD9D /* Main.storyboard in Resources */,
			);
			runOnlyForDeploymentPostprocessing = 0;
		};
/* End PBXResourcesBuildPhase section */

/* Begin PBXSourcesBuildPhase section */
		269D572F24A6AD4B004DFD9D /* Sources */ = {
			isa = PBXSourcesBuildPhase;
			buildActionMask = 2147483647;
			files = (
				267FFA8224AD29F0007BC082 /* MemeCollectionViewCell.swift in Sources */,
				267FFA8624AD3B0D007BC082 /* MemeTableViewController.swift in Sources */,
				269D573B24A6AD4B004DFD9D /* ViewController.swift in Sources */,
				269D574B24A6CEC7004DFD9D /* Meme.swift in Sources */,
				269BD95824AD0DC0001D65BC /* MemeCollectionViewController.swift in Sources */,
				269D573724A6AD4B004DFD9D /* AppDelegate.swift in Sources */,
				269D573924A6AD4B004DFD9D /* SceneDelegate.swift in Sources */,
				267FFA8A24AD4880007BC082 /* memeDetailViewController.swift in Sources */,
			);
			runOnlyForDeploymentPostprocessing = 0;
		};
/* End PBXSourcesBuildPhase section */

/* Begin PBXVariantGroup section */
		269D573C24A6AD4B004DFD9D /* Main.storyboard */ = {
			isa = PBXVariantGroup;
			children = (
				269D573D24A6AD4B004DFD9D /* Base */,
			);
			name = Main.storyboard;
			sourceTree = "<group>";
		};
		269D574124A6AD4E004DFD9D /* LaunchScreen.storyboard */ = {
			isa = PBXVariantGroup;
			children = (
				269D574224A6AD4E004DFD9D /* Base */,
			);
			name = LaunchScreen.storyboard;
			sourceTree = "<group>";
		};
/* End PBXVariantGroup section */

/* Begin XCBuildConfiguration section */
		269D574524A6AD4E004DFD9D /* Debug */ = {
			isa = XCBuildConfiguration;
			buildSettings = {
				ALWAYS_SEARCH_USER_PATHS = NO;
				CLANG_ANALYZER_NONNULL = YES;
				CLANG_ANALYZER_NUMBER_OBJECT_CONVERSION = YES_AGGRESSIVE;
				CLANG_CXX_LANGUAGE_STANDARD = "gnu++14";
				CLANG_CXX_LIBRARY = "libc++";
				CLANG_ENABLE_MODULES = YES;
				CLANG_ENABLE_OBJC_ARC = YES;
				CLANG_ENABLE_OBJC_WEAK = YES;
				CLANG_WARN_BLOCK_CAPTURE_AUTORELEASING = YES;
				CLANG_WARN_BOOL_CONVERSION = YES;
				CLANG_WARN_COMMA = YES;
				CLANG_WARN_CONSTANT_CONVERSION = YES;
				CLANG_WARN_DEPRECATED_OBJC_IMPLEMENTATIONS = YES;
				CLANG_WARN_DIRECT_OBJC_ISA_USAGE = YES_ERROR;
				CLANG_WARN_DOCUMENTATION_COMMENTS = YES;
				CLANG_WARN_EMPTY_BODY = YES;
				CLANG_WARN_ENUM_CONVERSION = YES;
				CLANG_WARN_INFINITE_RECURSION = YES;
				CLANG_WARN_INT_CONVERSION = YES;
				CLANG_WARN_NON_LITERAL_NULL_CONVERSION = YES;
				CLANG_WARN_OBJC_IMPLICIT_RETAIN_SELF = YES;
				CLANG_WARN_OBJC_LITERAL_CONVERSION = YES;
				CLANG_WARN_OBJC_ROOT_CLASS = YES_ERROR;
				CLANG_WARN_RANGE_LOOP_ANALYSIS = YES;
				CLANG_WARN_STRICT_PROTOTYPES = YES;
				CLANG_WARN_SUSPICIOUS_MOVE = YES;
				CLANG_WARN_UNGUARDED_AVAILABILITY = YES_AGGRESSIVE;
				CLANG_WARN_UNREACHABLE_CODE = YES;
				CLANG_WARN__DUPLICATE_METHOD_MATCH = YES;
				COPY_PHASE_STRIP = NO;
				DEBUG_INFORMATION_FORMAT = dwarf;
				ENABLE_STRICT_OBJC_MSGSEND = YES;
				ENABLE_TESTABILITY = YES;
				GCC_C_LANGUAGE_STANDARD = gnu11;
				GCC_DYNAMIC_NO_PIC = NO;
				GCC_NO_COMMON_BLOCKS = YES;
				GCC_OPTIMIZATION_LEVEL = 0;
				GCC_PREPROCESSOR_DEFINITIONS = (
					"DEBUG=1",
					"$(inherited)",
				);
				GCC_WARN_64_TO_32_BIT_CONVERSION = YES;
				GCC_WARN_ABOUT_RETURN_TYPE = YES_ERROR;
				GCC_WARN_UNDECLARED_SELECTOR = YES;
				GCC_WARN_UNINITIALIZED_AUTOS = YES_AGGRESSIVE;
				GCC_WARN_UNUSED_FUNCTION = YES;
				GCC_WARN_UNUSED_VARIABLE = YES;
				IPHONEOS_DEPLOYMENT_TARGET = 13.4;
				MTL_ENABLE_DEBUG_INFO = INCLUDE_SOURCE;
				MTL_FAST_MATH = YES;
				ONLY_ACTIVE_ARCH = YES;
				SDKROOT = iphoneos;
				SWIFT_ACTIVE_COMPILATION_CONDITIONS = DEBUG;
				SWIFT_OPTIMIZATION_LEVEL = "-Onone";
			};
			name = Debug;
		};
		269D574624A6AD4E004DFD9D /* Release */ = {
			isa = XCBuildConfiguration;
			buildSettings = {
				ALWAYS_SEARCH_USER_PATHS = NO;
				CLANG_ANALYZER_NONNULL = YES;
				CLANG_ANALYZER_NUMBER_OBJECT_CONVERSION = YES_AGGRESSIVE;
				CLANG_CXX_LANGUAGE_STANDARD = "gnu++14";
				CLANG_CXX_LIBRARY = "libc++";
				CLANG_ENABLE_MODULES = YES;
				CLANG_ENABLE_OBJC_ARC = YES;
				CLANG_ENABLE_OBJC_WEAK = YES;
				CLANG_WARN_BLOCK_CAPTURE_AUTORELEASING = YES;
				CLANG_WARN_BOOL_CONVERSION = YES;
				CLANG_WARN_COMMA = YES;
				CLANG_WARN_CONSTANT_CONVERSION = YES;
				CLANG_WARN_DEPRECATED_OBJC_IMPLEMENTATIONS = YES;
				CLANG_WARN_DIRECT_OBJC_ISA_USAGE = YES_ERROR;
				CLANG_WARN_DOCUMENTATION_COMMENTS = YES;
				CLANG_WARN_EMPTY_BODY = YES;
				CLANG_WARN_ENUM_CONVERSION = YES;
				CLANG_WARN_INFINITE_RECURSION = YES;
				CLANG_WARN_INT_CONVERSION = YES;
				CLANG_WARN_NON_LITERAL_NULL_CONVERSION = YES;
				CLANG_WARN_OBJC_IMPLICIT_RETAIN_SELF = YES;
				CLANG_WARN_OBJC_LITERAL_CONVERSION = YES;
				CLANG_WARN_OBJC_ROOT_CLASS = YES_ERROR;
				CLANG_WARN_RANGE_LOOP_ANALYSIS = YES;
				CLANG_WARN_STRICT_PROTOTYPES = YES;
				CLANG_WARN_SUSPICIOUS_MOVE = YES;
				CLANG_WARN_UNGUARDED_AVAILABILITY = YES_AGGRESSIVE;
				CLANG_WARN_UNREACHABLE_CODE = YES;
				CLANG_WARN__DUPLICATE_METHOD_MATCH = YES;
				COPY_PHASE_STRIP = NO;
				DEBUG_INFORMATION_FORMAT = "dwarf-with-dsym";
				ENABLE_NS_ASSERTIONS = NO;
				ENABLE_STRICT_OBJC_MSGSEND = YES;
				GCC_C_LANGUAGE_STANDARD = gnu11;
				GCC_NO_COMMON_BLOCKS = YES;
				GCC_WARN_64_TO_32_BIT_CONVERSION = YES;
				GCC_WARN_ABOUT_RETURN_TYPE = YES_ERROR;
				GCC_WARN_UNDECLARED_SELECTOR = YES;
				GCC_WARN_UNINITIALIZED_AUTOS = YES_AGGRESSIVE;
				GCC_WARN_UNUSED_FUNCTION = YES;
				GCC_WARN_UNUSED_VARIABLE = YES;
				IPHONEOS_DEPLOYMENT_TARGET = 13.4;
				MTL_ENABLE_DEBUG_INFO = NO;
				MTL_FAST_MATH = YES;
				SDKROOT = iphoneos;
				SWIFT_COMPILATION_MODE = wholemodule;
				SWIFT_OPTIMIZATION_LEVEL = "-O";
				VALIDATE_PRODUCT = YES;
			};
			name = Release;
		};
		269D574824A6AD4E004DFD9D /* Debug */ = {
			isa = XCBuildConfiguration;
			buildSettings = {
				ASSETCATALOG_COMPILER_APPICON_NAME = AppIcon;
				CODE_SIGN_STYLE = Automatic;
				DEVELOPMENT_TEAM = 3KU5S276FP;
				INFOPLIST_FILE = "$(SRCROOT)/MemeMev2.0/Info.plist";
				LD_RUNPATH_SEARCH_PATHS = (
					"$(inherited)",
					"@executable_path/Frameworks",
				);
				PRODUCT_BUNDLE_IDENTIFIER = "com.aray.MemeMev2-0";
				PRODUCT_NAME = MemeMev2.0;
				SWIFT_VERSION = 5.0;
				TARGETED_DEVICE_FAMILY = "1,2";
			};
			name = Debug;
		};
		269D574924A6AD4E004DFD9D /* Release */ = {
			isa = XCBuildConfiguration;
			buildSettings = {
				ASSETCATALOG_COMPILER_APPICON_NAME = AppIcon;
				CODE_SIGN_STYLE = Automatic;
				DEVELOPMENT_TEAM = 3KU5S276FP;
				INFOPLIST_FILE = "$(SRCROOT)/MemeMev2.0/Info.plist";
				LD_RUNPATH_SEARCH_PATHS = (
					"$(inherited)",
					"@executable_path/Frameworks",
				);
				PRODUCT_BUNDLE_IDENTIFIER = "com.aray.MemeMev2-0";
				PRODUCT_NAME = MemeMev2.0;
				SWIFT_VERSION = 5.0;
				TARGETED_DEVICE_FAMILY = "1,2";
			};
			name = Release;
		};
/* End XCBuildConfiguration section */

/* Begin XCConfigurationList section */
		269D572E24A6AD4B004DFD9D /* Build configuration list for PBXProject "MemeMev2.0" */ = {
			isa = XCConfigurationList;
			buildConfigurations = (
				269D574524A6AD4E004DFD9D /* Debug */,
				269D574624A6AD4E004DFD9D /* Release */,
			);
			defaultConfigurationIsVisible = 0;
			defaultConfigurationName = Release;
		};
		269D574724A6AD4E004DFD9D /* Build configuration list for PBXNativeTarget "MemeMev2.0" */ = {
			isa = XCConfigurationList;
			buildConfigurations = (
				269D574824A6AD4E004DFD9D /* Debug */,
				269D574924A6AD4E004DFD9D /* Release */,
			);
			defaultConfigurationIsVisible = 0;
			defaultConfigurationName = Release;
		};
/* End XCConfigurationList section */
	};
	rootObject = 269D572B24A6AD4B004DFD9D /* Project object */;
}
